{
  "originHash" : "89556649a269e92b1e32948f85806a3b473231d34e5f330f1b9909d8412412df",
  "pins" : [
    {
      "identity" : "flyingfox",
      "kind" : "remoteSourceControl",
      "location" : "https://github.com/swhitty/FlyingFox.git",
      "state" : {
        "revision" : "76b2d2d0eb54f0b53e8b661cc8007c487d94f8da",
        "version" : "0.25.0"
      }
    }
  ],
  "version" : 3
}